
Microsoft Visual Studio Solution File, Format Version 12.00
# Visual Studio Version 16
VisualStudioVersion = 16.0.29609.76
MinimumVisualStudioVersion = 10.0.40219.1
Project("{FAE04EC0-301F-11D3-BF4B-00C04F79EFBC}") = "SystemTextJsonSamples", "SystemTextJsonSamples\SystemTextJsonSamples.csproj", "{48E6DAA4-C44E-4977-983D-72768CCEB1B6}"
	ProjectSection(ProjectDependencies) = postProject
		{D4B64D21-EB9D-4266-B3A7-15F921736336} = {D4B64D21-EB9D-4266-B3A7-15F921736336}
	EndProjectSection
EndProject
Project("{9A19103F-16F7-4668-BE54-9A1E7A4F7556}") = "Microsoft.Graph.Core", "msgraph-sdk-dotnet-core\src\Microsoft.Graph.Core\Microsoft.Graph.Core.csproj", "{D4B64D21-EB9D-4266-B3A7-15F921736336}"
EndProject
Global
	GlobalSection(SolutionConfigurationPlatforms) = preSolution
		Debug|Any CPU = Debug|Any CPU
		Release|Any CPU = Release|Any CPU
	EndGlobalSection
	GlobalSection(ProjectConfigurationPlatforms) = postSolution
		{48E6DAA4-C44E-4977-983D-72768CCEB1B6}.Debug|Any CPU.ActiveCfg = Debug|Any CPU
		{48E6DAA4-C44E-4977-983D-72768CCEB1B6}.Debug|Any CPU.Build.0 = Debug|Any CPU
		{48E6DAA4-C44E-4977-983D-72768CCEB1B6}.Release|Any CPU.ActiveCfg = Release|Any CPU
		{48E6DAA4-C44E-4977-983D-72768CCEB1B6}.Release|Any CPU.Build.0 = Release|Any CPU
		{D4B64D21-EB9D-4266-B3A7-15F921736336}.Debug|Any CPU.ActiveCfg = Debug|Any CPU
		{D4B64D21-EB9D-4266-B3A7-15F921736336}.Debug|Any CPU.Build.0 = Debug|Any CPU
		{D4B64D21-EB9D-4266-B3A7-15F921736336}.Release|Any CPU.ActiveCfg = Release|Any CPU
		{D4B64D21-EB9D-4266-B3A7-15F921736336}.Release|Any CPU.Build.0 = Release|Any CPU
	EndGlobalSection
	GlobalSection(SolutionProperties) = preSolution
		HideSolutionNode = FALSE
	EndGlobalSection
	GlobalSection(ExtensibilityGlobals) = postSolution
		SolutionGuid = {C5458D34-7948-4BC7-94B8-B54DC8CADEB1}
	EndGlobalSection
EndGlobal
